// !$*UTF8*$!
{
	archiveVersion = 1;
	classes = {
	};
	objectVersion = 46;
	objects = {

/* Begin PBXBuildFile section */
		F1D72A841E7AFF8C00F53232 /* AppDelegate.swift in Sources */ = {isa = PBXBuildFile; fileRef = F1D72A831E7AFF8C00F53232 /* AppDelegate.swift */; };
		F1D72A861E7AFF8C00F53232 /* ViewController.swift in Sources */ = {isa = PBXBuildFile; fileRef = F1D72A851E7AFF8C00F53232 /* ViewController.swift */; };
		F1D72A891E7AFF8C00F53232 /* Main.storyboard in Resources */ = {isa = PBXBuildFile; fileRef = F1D72A871E7AFF8C00F53232 /* Main.storyboard */; };
		F1D72A8B1E7AFF8C00F53232 /* Assets.xcassets in Resources */ = {isa = PBXBuildFile; fileRef = F1D72A8A1E7AFF8C00F53232 /* Assets.xcassets */; };
		F1D72A8E1E7AFF8C00F53232 /* LaunchScreen.storyboard in Resources */ = {isa = PBXBuildFile; fileRef = F1D72A8C1E7AFF8C00F53232 /* LaunchScreen.storyboard */; };
/* End PBXBuildFile section */

/* Begin PBXFileReference section */
		F1D72A801E7AFF8C00F53232 /* 2DA_EVA_6_PICKER_VIEW.app */ = {isa = PBXFileReference; explicitFileType = wrapper.application; includeInIndex = 0; path = 2DA_EVA_6_PICKER_VIEW.app; sourceTree = BUILT_PRODUCTS_DIR; };
		F1D72A831E7AFF8C00F53232 /* AppDelegate.swift */ = {isa = PBXFileReference; lastKnownFileType = sourcecode.swift; path = AppDelegate.swift; sourceTree = "<group>"; };
		F1D72A851E7AFF8C00F53232 /* ViewController.swift */ = {isa = PBXFileReference; lastKnownFileType = sourcecode.swift; path = ViewController.swift; sourceTree = "<group>"; };
		F1D72A881E7AFF8C00F53232 /* Base */ = {isa = PBXFileReference; lastKnownFileType = file.storyboard; name = Base; path = Base.lproj/Main.storyboard; sourceTree = "<group>"; };
		F1D72A8A1E7AFF8C00F53232 /* Assets.xcassets */ = {isa = PBXFileReference; lastKnownFileType = folder.assetcatalog; path = Assets.xcassets; sourceTree = "<group>"; };
		F1D72A8D1E7AFF8C00F53232 /* Base */ = {isa = PBXFileReference; lastKnownFileType = file.storyboard; name = Base; path = Base.lproj/LaunchScreen.storyboard; sourceTree = "<group>"; };
		F1D72A8F1E7AFF8D00F53232 /* Info.plist */ = {isa = PBXFileReference; lastKnownFileType = text.plist.xml; path = Info.plist; sourceTree = "<group>"; };
/* End PBXFileReference section */

/* Begin PBXFrameworksBuildPhase section */
		F1D72A7D1E7AFF8C00F53232 /* Frameworks */ = {
			isa = PBXFrameworksBuildPhase;
			buildActionMask = 2147483647;
			files = (
			);
			runOnlyForDeploymentPostprocessing = 0;
		};
/* End PBXFrameworksBuildPhase section */

/* Begin PBXGroup section */
		F1D72A771E7AFF8B00F53232 = {
			isa = PBXGroup;
			children = (
				F1D72A821E7AFF8C00F53232 /* 2DA_EVA_6_PICKER_VIEW */,
				F1D72A811E7AFF8C00F53232 /* Products */,
			);
			sourceTree = "<group>";
		};
		F1D72A811E7AFF8C00F53232 /* Products */ = {
			isa = PBXGroup;
			children = (
				F1D72A801E7AFF8C00F53232 /* 2DA_EVA_6_PICKER_VIEW.app */,
			);
			name = Products;
			sourceTree = "<group>";
		};
		F1D72A821E7AFF8C00F53232 /* 2DA_EVA_6_PICKER_VIEW */ = {
			isa = PBXGroup;
			children = (
				F1D72A831E7AFF8C00F53232 /* AppDelegate.swift */,
				F1D72A851E7AFF8C00F53232 /* ViewController.swift */,
				F1D72A871E7AFF8C00F53232 /* Main.storyboard */,
				F1D72A8A1E7AFF8C00F53232 /* Assets.xcassets */,
				F1D72A8C1E7AFF8C00F53232 /* LaunchScreen.storyboard */,
				F1D72A8F1E7AFF8D00F53232 /* Info.plist */,
			);
			path = 2DA_EVA_6_PICKER_VIEW;
			sourceTree = "<group>";
		};
/* End PBXGroup section */

/* Begin PBXNativeTarget section */
		F1D72A7F1E7AFF8C00F53232 /* 2DA_EVA_6_PICKER_VIEW */ = {
			isa = PBXNativeTarget;
			buildConfigurationList = F1D72A921E7AFF8D00F53232 /* Build configuration list for PBXNativeTarget "2DA_EVA_6_PICKER_VIEW" */;
			buildPhases = (
				F1D72A7C1E7AFF8C00F53232 /* Sources */,
				F1D72A7D1E7AFF8C00F53232 /* Frameworks */,
				F1D72A7E1E7AFF8C00F53232 /* Resources */,
			);
			buildRules = (
			);
			dependencies = (
			);
			name = 2DA_EVA_6_PICKER_VIEW;
			productName = 2DA_EVA_6_PICKER_VIEW;
			productReference = F1D72A801E7AFF8C00F53232 /* 2DA_EVA_6_PICKER_VIEW.app */;
			productType = "com.apple.product-type.application";
		};
/* End PBXNativeTarget section */

/* Begin PBXProject section */
		F1D72A781E7AFF8C00F53232 /* Project object */ = {
			isa = PBXProject;
			attributes = {
				LastUpgradeCheck = 0700;
				ORGANIZATIONNAME = "Mario Alberto Guillen Rivas";
				TargetAttributes = {
					F1D72A7F1E7AFF8C00F53232 = {
						CreatedOnToolsVersion = 7.0;
					};
				};
			};
			buildConfigurationList = F1D72A7B1E7AFF8C00F53232 /* Build configuration list for PBXProject "2DA_EVA_6_PICKER_VIEW" */;
			compatibilityVersion = "Xcode 3.2";
			developmentRegion = English;
			hasScannedForEncodings = 0;
			knownRegions = (
				en,
				Base,
			);
			mainGroup = F1D72A771E7AFF8B00F53232;
			productRefGroup = F1D72A811E7AFF8C00F53232 /* Products */;
			projectDirPath = "";
			projectRoot = "";
			targets = (
				F1D72A7F1E7AFF8C00F53232 /* 2DA_EVA_6_PICKER_VIEW */,
			);
		};
/* End PBXProject section */

/* Begin PBXResourcesBuildPhase section */
		F1D72A7E1E7AFF8C00F53232 /* Resources */ = {
			isa = PBXResourcesBuildPhase;
			buildActionMask = 2147483647;
			files = (
				F1D72A8E1E7AFF8C00F53232 /* LaunchScreen.storyboard in Resources */,
				F1D72A8B1E7AFF8C00F53232 /* Assets.xcassets in Resources */,
				F1D72A891E7AFF8C00F53232 /* Main.storyboard in Resources */,
			);
			runOnlyForDeploymentPostprocessing = 0;
		};
/* End PBXResourcesBuildPhase section */

/* Begin PBXSourcesBuildPhase section */
		F1D72A7C1E7AFF8C00F53232 /* Sources */ = {
			isa = PBXSourcesBuildPhase;
			buildActionMask = 2147483647;
			files = (
				F1D72A861E7AFF8C00F53232 /* ViewController.swift in Sources */,
				F1D72A841E7AFF8C00F53232 /* AppDelegate.swift in Sources */,
			);
			runOnlyForDeploymentPostprocessing = 0;
		};
/* End PBXSourcesBuildPhase section */

/* Begin PBXVariantGroup section */
		F1D72A871E7AFF8C00F53232 /* Main.storyboard */ = {
			isa = PBXVariantGroup;
			children = (
				F1D72A881E7AFF8C00F53232 /* Base */,
			);
			name = Main.storyboard;
			sourceTree = "<group>";
		};
		F1D72A8C1E7AFF8C00F53232 /* LaunchScreen.storyboard */ = {
			isa = PBXVariantGroup;
			children = (
				F1D72A8D1E7AFF8C00F53232 /* Base */,
			);
			name = LaunchScreen.storyboard;
			sourceTree = "<group>";
		};
/* End PBXVariantGroup section */

/* Begin XCBuildConfiguration section */
		F1D72A901E7AFF8D00F53232 /* Debug */ = {
			isa = XCBuildConfiguration;
			buildSettings = {
				ALWAYS_SEARCH_USER_PATHS = NO;
				CLANG_CXX_LANGUAGE_STANDARD = "gnu++0x";
				CLANG_CXX_LIBRARY = "libc++";
				CLANG_ENABLE_MODULES = YES;
				CLANG_ENABLE_OBJC_ARC = YES;
				CLANG_WARN_BOOL_CONVERSION = YES;
				CLANG_WARN_CONSTANT_CONVERSION = YES;
				CLANG_WARN_DIRECT_OBJC_ISA_USAGE = YES_ERROR;
				CLANG_WARN_EMPTY_BODY = YES;
				CLANG_WARN_ENUM_CONVERSION = YES;
				CLANG_WARN_INT_CONVERSION = YES;
				CLANG_WARN_OBJC_ROOT_CLASS = YES_ERROR;
				CLANG_WARN_UNREACHABLE_CODE = YES;
				CLANG_WARN__DUPLICATE_METHOD_MATCH = YES;
				"CODE_SIGN_IDENTITY[sdk=iphoneos*]" = "iPhone Developer";
				COPY_PHASE_STRIP = NO;
				DEBUG_INFORMATION_FORMAT = dwarf;
				ENABLE_STRICT_OBJC_MSGSEND = YES;
				ENABLE_TESTABILITY = YES;
				GCC_C_LANGUAGE_STANDARD = gnu99;
				GCC_DYNAMIC_NO_PIC = NO;
				GCC_NO_COMMON_BLOCKS = YES;
				GCC_OPTIMIZATION_LEVEL = 0;
				GCC_PREPROCESSOR_DEFINITIONS = (
					"DEBUG=1",
					"$(inherited)",
				);
				GCC_WARN_64_TO_32_BIT_CONVERSION = YES;
				GCC_WARN_ABOUT_RETURN_TYPE = YES_ERROR;
				GCC_WARN_UNDECLARED_SELECTOR = YES;
				GCC_WARN_UNINITIALIZED_AUTOS = YES_AGGRESSIVE;
				GCC_WARN_UNUSED_FUNCTION = YES;
				GCC_WARN_UNUSED_VARIABLE = YES;
				IPHONEOS_DEPLOYMENT_TARGET = 9.0;
				MTL_ENABLE_DEBUG_INFO = YES;
				ONLY_ACTIVE_ARCH = YES;
				SDKROOT = iphoneos;
				SWIFT_OPTIMIZATION_LEVEL = "-Onone";
				TARGETED_DEVICE_FAMILY = "1,2";
			};
			name = Debug;
		};
		F1D72A911E7AFF8D00F53232 /* Release */ = {
			isa = XCBuildConfiguration;
			buildSettings = {
				ALWAYS_SEARCH_USER_PATHS = NO;
				CLANG_CXX_LANGUAGE_STANDARD = "gnu++0x";
				CLANG_CXX_LIBRARY = "libc++";
				CLANG_ENABLE_MODULES = YES;
				CLANG_ENABLE_OBJC_ARC = YES;
				CLANG_WARN_BOOL_CONVERSION = YES;
				CLANG_WARN_CONSTANT_CONVERSION = YES;
				CLANG_WARN_DIRECT_OBJC_ISA_USAGE = YES_ERROR;
				CLANG_WARN_EMPTY_BODY = YES;
				CLANG_WARN_ENUM_CONVERSION = YES;
				CLANG_WARN_INT_CONVERSION = YES;
				CLANG_WARN_OBJC_ROOT_CLASS = YES_ERROR;
				CLANG_WARN_UNREACHABLE_CODE = YES;
				CLANG_WARN__DUPLICATE_METHOD_MATCH = YES;
				"CODE_SIGN_IDENTITY[sdk=iphoneos*]" = "iPhone Developer";
				COPY_PHASE_STRIP = NO;
				DEBUG_INFORMATION_FORMAT = "dwarf-with-dsym";
				ENABLE_NS_ASSERTIONS = NO;
				ENABLE_STRICT_OBJC_MSGSEND = YES;
				GCC_C_LANGUAGE_STANDARD = gnu99;
				GCC_NO_COMMON_BLOCKS = YES;
				GCC_WARN_64_TO_32_BIT_CONVERSION = YES;
				GCC_WARN_ABOUT_RETURN_TYPE = YES_ERROR;
				GCC_WARN_UNDECLARED_SELECTOR = YES;
				GCC_WARN_UNINITIALIZED_AUTOS = YES_AGGRESSIVE;
				GCC_WARN_UNUSED_FUNCTION = YES;
				GCC_WARN_UNUSED_VARIABLE = YES;
				IPHONEOS_DEPLOYMENT_TARGET = 9.0;
				MTL_ENABLE_DEBUG_INFO = NO;
				SDKROOT = iphoneos;
				TARGETED_DEVICE_FAMILY = "1,2";
				VALIDATE_PRODUCT = YES;
			};
			name = Release;
		};
		F1D72A931E7AFF8D00F53232 /* Debug */ = {
			isa = XCBuildConfiguration;
			buildSettings = {
				ASSETCATALOG_COMPILER_APPICON_NAME = AppIcon;
				INFOPLIST_FILE = 2DA_EVA_6_PICKER_VIEW/Info.plist;
				LD_RUNPATH_SEARCH_PATHS = "$(inherited) @executable_path/Frameworks";
				PRODUCT_BUNDLE_IDENTIFIER = "com.mario.guillen.-DA-EVA-6-PICKER-VIEW";
				PRODUCT_NAME = "$(TARGET_NAME)";
			};
			name = Debug;
		};
		F1D72A941E7AFF8D00F53232 /* Release */ = {
			isa = XCBuildConfiguration;
			buildSettings = {
				ASSETCATALOG_COMPILER_APPICON_NAME = AppIcon;
				INFOPLIST_FILE = 2DA_EVA_6_PICKER_VIEW/Info.plist;
				LD_RUNPATH_SEARCH_PATHS = "$(inherited) @executable_path/Frameworks";
				PRODUCT_BUNDLE_IDENTIFIER = "com.mario.guillen.-DA-EVA-6-PICKER-VIEW";
				PRODUCT_NAME = "$(TARGET_NAME)";
			};
			name = Release;
		};
/* End XCBuildConfiguration section */

/* Begin XCConfigurationList section */
		F1D72A7B1E7AFF8C00F53232 /* Build configuration list for PBXProject "2DA_EVA_6_PICKER_VIEW" */ = {
			isa = XCConfigurationList;
			buildConfigurations = (
				F1D72A901E7AFF8D00F53232 /* Debug */,
				F1D72A911E7AFF8D00F53232 /* Release */,
			);
			defaultConfigurationIsVisible = 0;
			defaultConfigurationName = Release;
		};
		F1D72A921E7AFF8D00F53232 /* Build configuration list for PBXNativeTarget "2DA_EVA_6_PICKER_VIEW" */ = {
			isa = XCConfigurationList;
			buildConfigurations = (
				F1D72A931E7AFF8D00F53232 /* Debug */,
				F1D72A941E7AFF8D00F53232 /* Release */,
			);
			defaultConfigurationIsVisible = 0;
		};
/* End XCConfigurationList section */
	};
	rootObject = F1D72A781E7AFF8C00F53232 /* Project object */;
}
